version = 1
revision = 2
requires-python = ">=3.13"

[[package]]
name = "asp"
version = "0.1.0"
source = { virtual = "." }
dependencies = [
    { name = "pyglet" },
]

[package.metadata]
requires-dist = [{ name = "pyglet", specifier = ">=2.1.6" }]

[[package]]
name = "pyglet"
version = "2.1.6"
source = { registry = "https://pypi.org/simple" }
sdist = { url = "https://files.pythonhosted.org/packages/f7/bc/0533ccb30566ee59b540d700dbbf916dafa89132a4d582d0fd1fe158243d/pyglet-2.1.6.tar.gz", hash = "sha256:18483880b1411b39692eaf7756819285797b1aaf9ef63d40eb9f9b5d01c63416", size = 6546705, upload-time = "2025-04-27T01:12:30.995Z" }
wheels = [
    { url = "https://files.pythonhosted.org/packages/a3/ad/e16f9b56c4a935934341e385753d0d0a2a83b7d320e52906b44f32698feb/pyglet-2.1.6-py3-none-any.whl", hash = "sha256:52ef9e75f3969b6a28bfa5c223e50ff03a05c2baa67bfe00d2a9eec4e831a7c5", size = 983998, upload-time = "2025-04-27T01:12:26.307Z" },
]
